
Microsoft Visual Studio Solution File, Format Version 12.00
# Visual Studio Version 17
VisualStudioVersion = 17.0.31903.59
MinimumVisualStudioVersion = 10.0.40219.1
Project("{FAE04EC0-301F-11D3-BF4B-00C04F79EFBC}") = "ThriftClient.Api", "ThriftClient.Api\ThriftClient.Api.csproj", "{12DE13F3-10FC-40AA-AE6D-B4BCC6B7EF8B}"
EndProject
Project("{FAE04EC0-301F-11D3-BF4B-00C04F79EFBC}") = "ThriftServer.Api", "ThriftServer.Api\ThriftServer.Api.csproj", "{DBD1B993-2C64-4D90-8D82-2F772AF22BA3}"
EndProject
Global
	GlobalSection(SolutionConfigurationPlatforms) = preSolution
		Debug|Any CPU = Debug|Any CPU
		Release|Any CPU = Release|Any CPU
	EndGlobalSection
	GlobalSection(SolutionProperties) = preSolution
		HideSolutionNode = FALSE
	EndGlobalSection
	GlobalSection(ProjectConfigurationPlatforms) = postSolution
		{12DE13F3-10FC-40AA-AE6D-B4BCC6B7EF8B}.Debug|Any CPU.ActiveCfg = Debug|Any CPU
		{12DE13F3-10FC-40AA-AE6D-B4BCC6B7EF8B}.Debug|Any CPU.Build.0 = Debug|Any CPU
		{12DE13F3-10FC-40AA-AE6D-B4BCC6B7EF8B}.Release|Any CPU.ActiveCfg = Release|Any CPU
		{12DE13F3-10FC-40AA-AE6D-B4BCC6B7EF8B}.Release|Any CPU.Build.0 = Release|Any CPU
		{DBD1B993-2C64-4D90-8D82-2F772AF22BA3}.Debug|Any CPU.ActiveCfg = Debug|Any CPU
		{DBD1B993-2C64-4D90-8D82-2F772AF22BA3}.Debug|Any CPU.Build.0 = Debug|Any CPU
		{DBD1B993-2C64-4D90-8D82-2F772AF22BA3}.Release|Any CPU.ActiveCfg = Release|Any CPU
		{DBD1B993-2C64-4D90-8D82-2F772AF22BA3}.Release|Any CPU.Build.0 = Release|Any CPU
	EndGlobalSection
EndGlobal
